{
  "name": "magne-whitepaper-contract-examples",
  "version": "1.0.0",
  "lockfileVersion": 3,
  "requires": true,
  "packages": {
    "": {
      "name": "magne-whitepaper-contract-examples",
      "version": "1.0.0",
      "devDependencies": {
        "@foundry-rs/anvil": "1.7.1",
        "@foundry-rs/cast": "1.7.1",
        "@foundry-rs/forge": "1.7.1",
        "@openzeppelin/contracts": "5.6.1"
      }
    },
    "node_modules/@foundry-rs/anvil": {
      "version": "1.7.1",
      "resolved": "https://registry.npmjs.org/@foundry-rs/anvil/-/anvil-1.7.1.tgz",
      "integrity": "sha512-rcy+hu8e90DNizfh5WpbJjMiadgDBtV3JHe2M6OsdmIzoDH77Gk0sVgNxr7LnBiKpkzt6pV2XEOI7XMXmJo1Kg==",
      "dev": true,
      "hasInstallScript": true,
      "license": "MIT OR Apache-2.0",
      "bin": {
        "anvil": "bin.mjs"
      },
      "optionalDependencies": {
        "@foundry-rs/anvil-darwin-amd64": "1.7.1",
        "@foundry-rs/anvil-darwin-arm64": "1.7.1",
        "@foundry-rs/anvil-linux-amd64": "1.7.1",
        "@foundry-rs/anvil-linux-arm64": "1.7.1",
        "@foundry-rs/anvil-win32-amd64": "1.7.1"
      }
    },
    "node_modules/@foundry-rs/anvil-darwin-amd64": {
      "version": "1.7.1",
      "resolved": "https://registry.npmjs.org/@foundry-rs/anvil-darwin-amd64/-/anvil-darwin-amd64-1.7.1.tgz",
      "integrity": "sha512-OgwzwY+FsGrsPyDv4mmbhOwARO8s37YHrm2qaNzgSH4VlKnXgJCrnoT7bpgOhLyBPtxXjBT8L2E3b79deesXRg==",
      "cpu": [
        "x64"
      ],
      "dev": true,
      "license": "MIT OR Apache-2.0",
      "optional": true,
      "os": [
        "darwin"
      ],
      "bin": {
        "anvil": "bin/anvil"
      },
      "engines": {
        "node": ">=20"
      }
    },
    "node_modules/@foundry-rs/anvil-darwin-arm64": {
      "version": "1.7.1",
      "resolved": "https://registry.npmjs.org/@foundry-rs/anvil-darwin-arm64/-/anvil-darwin-arm64-1.7.1.tgz",
      "integrity": "sha512-JNeu3+A3f/npXLn8SR8EahVcqE7BpO9VQZMcPvSIy27/RNc1GsoEBvSLR99aSvt8sGKWAgNg/EzrtjAPq6mxcA==",
      "cpu": [
        "arm64"
      ],
      "dev": true,
      "license": "MIT OR Apache-2.0",
      "optional": true,
      "os": [
        "darwin"
      ],
      "bin": {
        "anvil": "bin/anvil"
      },
      "engines": {
        "node": ">=20"
      }
    },
    "node_modules/@foundry-rs/anvil-linux-amd64": {
      "version": "1.7.1",
      "resolved": "https://registry.npmjs.org/@foundry-rs/anvil-linux-amd64/-/anvil-linux-amd64-1.7.1.tgz",
      "integrity": "sha512-+XmShybEaxfCrr0OUUZwYEy2OnYZt5pHH9TzBtLv3+VrK0O/ANuNSVEahqNhKHlgX7GRJ59383ofNhxkRWIYTg==",
      "cpu": [
        "x64"
      ],
      "dev": true,
      "license": "MIT OR Apache-2.0",
      "optional": true,
      "os": [
        "linux"
      ],
      "bin": {
        "anvil": "bin/anvil"
      },
      "engines": {
        "node": ">=20"
      }
    },
    "node_modules/@foundry-rs/anvil-linux-arm64": {
      "version": "1.7.1",
      "resolved": "https://registry.npmjs.org/@foundry-rs/anvil-linux-arm64/-/anvil-linux-arm64-1.7.1.tgz",
      "integrity": "sha512-ykHJmFOGdBR8+9smOKBm9ZZDCCCkLQctiHOAddLvmYx9mPeBDMfq6jP51hKYsO5MG8ClPLSlWe+JpiXPjoXgBQ==",
      "cpu": [
        "arm64"
      ],
      "dev": true,
      "license": "MIT OR Apache-2.0",
      "optional": true,
      "os": [
        "linux"
      ],
      "bin": {
        "anvil": "bin/anvil"
      },
      "engines": {
        "node": ">=20"
      }
    },
    "node_modules/@foundry-rs/anvil-win32-amd64": {
      "version": "1.7.1",
      "resolved": "https://registry.npmjs.org/@foundry-rs/anvil-win32-amd64/-/anvil-win32-amd64-1.7.1.tgz",
      "integrity": "sha512-IeuBcmQ+AQKUxXA77czSVIfpST+KLBdXaL71JlK/h6e0DoP2CYnmVZn8WE/fuQfjAU2zaWw7PDXmq1kedbIUGA==",
      "cpu": [
        "x64"
      ],
      "dev": true,
      "license": "MIT OR Apache-2.0",
      "optional": true,
      "os": [
        "win32"
      ],
      "bin": {
        "anvil": "bin/anvil.exe"
      },
      "engines": {
        "node": ">=20"
      }
    },
    "node_modules/@foundry-rs/cast": {
      "version": "1.7.1",
      "resolved": "https://registry.npmjs.org/@foundry-rs/cast/-/cast-1.7.1.tgz",
      "integrity": "sha512-oPWdaVRwshzn5PijkVJC8Ee+fC/1zMVn9kzvr4PGEsNOen8c7u1ts1lpTvwFNpNwUgg9qLCadzmw+RygGr0BFw==",
      "dev": true,
      "hasInstallScript": true,
      "license": "MIT OR Apache-2.0",
      "bin": {
        "cast": "bin.mjs"
      },
      "optionalDependencies": {
        "@foundry-rs/cast-darwin-amd64": "1.7.1",
        "@foundry-rs/cast-darwin-arm64": "1.7.1",
        "@foundry-rs/cast-linux-amd64": "1.7.1",
        "@foundry-rs/cast-linux-arm64": "1.7.1",
        "@foundry-rs/cast-win32-amd64": "1.7.1"
      }
    },
    "node_modules/@foundry-rs/cast-darwin-amd64": {
      "version": "1.7.1",
      "resolved": "https://registry.npmjs.org/@foundry-rs/cast-darwin-amd64/-/cast-darwin-amd64-1.7.1.tgz",
      "integrity": "sha512-K1ZV5SLcq9B6cMmtZYRB0YyIbhrhLgdMyKzjMzQmIohxkC7+gtrOUwzMMFTU5IedGgaUXBCFH5Bp5DGUkJ9qpw==",
      "cpu": [
        "x64"
      ],
      "dev": true,
      "license": "MIT OR Apache-2.0",
      "optional": true,
      "os": [
        "darwin"
      ],
      "bin": {
        "cast": "bin/cast"
      },
      "engines": {
        "node": ">=20"
      }
    },
    "node_modules/@foundry-rs/cast-darwin-arm64": {
      "version": "1.7.1",
      "resolved": "https://registry.npmjs.org/@foundry-rs/cast-darwin-arm64/-/cast-darwin-arm64-1.7.1.tgz",
      "integrity": "sha512-lO2aEhJfTOksC4V2Qhz6kH4RztPKd/rMsv6GJLfIWKMQ9Q/1TmMzpyGELCSUp28YwYqhC7gTlFYMkxDTuvyqiw==",
      "cpu": [
        "arm64"
      ],
      "dev": true,
      "license": "MIT OR Apache-2.0",
      "optional": true,
      "os": [
        "darwin"
      ],
      "bin": {
        "cast": "bin/cast"
      },
      "engines": {
        "node": ">=20"
      }
    },
    "node_modules/@foundry-rs/cast-linux-amd64": {
      "version": "1.7.1",
      "resolved": "https://registry.npmjs.org/@foundry-rs/cast-linux-amd64/-/cast-linux-amd64-1.7.1.tgz",
      "integrity": "sha512-XUpTM2rwtkF8BJ02dae38NNZAx5QfycWRpdR2RmSgOJnasvXuvN58whDVLjQu8IDHEV/fCNIa49aE8V74pmDwQ==",
      "cpu": [
        "x64"
      ],
      "dev": true,
      "license": "MIT OR Apache-2.0",
      "optional": true,
      "os": [
        "linux"
      ],
      "bin": {
        "cast": "bin/cast"
      },
      "engines": {
        "node": ">=20"
      }
    },
    "node_modules/@foundry-rs/cast-linux-arm64": {
      "version": "1.7.1",
      "resolved": "https://registry.npmjs.org/@foundry-rs/cast-linux-arm64/-/cast-linux-arm64-1.7.1.tgz",
      "integrity": "sha512-LfXMECUhrpDPgOAuiLTYPeXXFpi/sABhcHAcbfvq+n5668sdjrh4FY8Ol14GcZV/QxqOrwFtsKjdyHZgtHM4pQ==",
      "cpu": [
        "arm64"
      ],
      "dev": true,
      "license": "MIT OR Apache-2.0",
      "optional": true,
      "os": [
        "linux"
      ],
      "bin": {
        "cast": "bin/cast"
      },
      "engines": {
        "node": ">=20"
      }
    },
    "node_modules/@foundry-rs/cast-win32-amd64": {
      "version": "1.7.1",
      "resolved": "https://registry.npmjs.org/@foundry-rs/cast-win32-amd64/-/cast-win32-amd64-1.7.1.tgz",
      "integrity": "sha512-vWsLwripv+wCMyCI9PMopAmgi0WPlk7U6wcF+pCtcFjQ4/siNAfZhkrfNbcC7J9WoN2kWfQ4hckA6iMvrCGCUQ==",
      "cpu": [
        "x64"
      ],
      "dev": true,
      "license": "MIT OR Apache-2.0",
      "optional": true,
      "os": [
        "win32"
      ],
      "bin": {
        "cast": "bin/cast.exe"
      },
      "engines": {
        "node": ">=20"
      }
    },
    "node_modules/@foundry-rs/forge": {
      "version": "1.7.1",
      "dev": true,
      "hasInstallScript": true,
      "license": "MIT OR Apache-2.0",
      "bin": {
        "forge": "bin.mjs"
      },
      "optionalDependencies": {
        "@foundry-rs/forge-darwin-amd64": "1.7.1",
        "@foundry-rs/forge-darwin-arm64": "1.7.1",
        "@foundry-rs/forge-linux-amd64": "1.7.1",
        "@foundry-rs/forge-linux-arm64": "1.7.1",
        "@foundry-rs/forge-win32-amd64": "1.7.1"
      }
    },
    "node_modules/@foundry-rs/forge-darwin-amd64": {
      "version": "1.7.1",
      "resolved": "https://registry.npmjs.org/@foundry-rs/forge-darwin-amd64/-/forge-darwin-amd64-1.7.1.tgz",
      "integrity": "sha512-0P18bZyXiCJ5YJMQ+FgOE3WToqt7qBp8eyeBWFAIHX79hwN8RWtvdBWJ6ZcYH14lWZVuN8oYi8Wkth/t3jAa8g==",
      "cpu": [
        "x64"
      ],
      "dev": true,
      "license": "MIT OR Apache-2.0",
      "optional": true,
      "os": [
        "darwin"
      ],
      "bin": {
        "forge": "bin/forge"
      },
      "engines": {
        "node": ">=20"
      }
    },
    "node_modules/@foundry-rs/forge-darwin-arm64": {
      "version": "1.7.1",
      "resolved": "https://registry.npmjs.org/@foundry-rs/forge-darwin-arm64/-/forge-darwin-arm64-1.7.1.tgz",
      "integrity": "sha512-PwvdcKxniBoIic163Gw8t7rIOfE8ZfV2mCM2WOXnGdsUbCJRvkqCWq4qidkUORbibhfiRTyw3991hMFL8/qEfw==",
      "cpu": [
        "arm64"
      ],
      "dev": true,
      "license": "MIT OR Apache-2.0",
      "optional": true,
      "os": [
        "darwin"
      ],
      "bin": {
        "forge": "bin/forge"
      },
      "engines": {
        "node": ">=20"
      }
    },
    "node_modules/@foundry-rs/forge-linux-amd64": {
      "version": "1.7.1",
      "resolved": "https://registry.npmjs.org/@foundry-rs/forge-linux-amd64/-/forge-linux-amd64-1.7.1.tgz",
      "integrity": "sha512-/HQddyTanVOJKgvilmZrf8VOf7mhvwrWb59W73w5W5flX7b6zNh9CR6hKZzJwiRRi5Sxk/JOFEYIeKsQx7Teqg==",
      "cpu": [
        "x64"
      ],
      "dev": true,
      "license": "MIT OR Apache-2.0",
      "optional": true,
      "os": [
        "linux"
      ],
      "bin": {
        "forge": "bin/forge"
      },
      "engines": {
        "node": ">=20"
      }
    },
    "node_modules/@foundry-rs/forge-linux-arm64": {
      "version": "1.7.1",
      "resolved": "https://registry.npmjs.org/@foundry-rs/forge-linux-arm64/-/forge-linux-arm64-1.7.1.tgz",
      "integrity": "sha512-jt+6H8AWHauP8kP+miMKJkMjC6UCHm6NRjO5D+5ca416o6iJGPURNs+Nlb0WWnb1gaCj7sXUZqpxH73Ub+YBWg==",
      "cpu": [
        "arm64"
      ],
      "dev": true,
      "license": "MIT OR Apache-2.0",
      "optional": true,
      "os": [
        "linux"
      ],
      "bin": {
        "forge": "bin/forge"
      },
      "engines": {
        "node": ">=20"
      }
    },
    "node_modules/@foundry-rs/forge-win32-amd64": {
      "version": "1.7.1",
      "resolved": "https://registry.npmjs.org/@foundry-rs/forge-win32-amd64/-/forge-win32-amd64-1.7.1.tgz",
      "integrity": "sha512-WK+gWWlWYpgrsrKcle4hzV5k5TPoVE8acsnNnmckQhvcbcZBG2VukpkqFCJgOpPX1xuSYtskHTIhJbCx1w854w==",
      "cpu": [
        "x64"
      ],
      "dev": true,
      "license": "MIT OR Apache-2.0",
      "optional": true,
      "os": [
        "win32"
      ],
      "bin": {
        "forge": "bin/forge.exe"
      },
      "engines": {
        "node": ">=20"
      }
    },
    "node_modules/@openzeppelin/contracts": {
      "version": "5.6.1",
      "resolved": "https://registry.npmjs.org/@openzeppelin/contracts/-/contracts-5.6.1.tgz",
      "integrity": "sha512-Ly6SlsVJ3mj+b18W3R8gNufB7dTICT105fJhodGAGgyC2oqnBAhqSiNDJ8V8DLY05cCz81GLI0CU5vNYA1EC/w==",
      "dev": true,
      "license": "MIT"
    }
  }
}
